github.com/cmd-stream/base-go v0.0.0-20250326005258-f9dd4c8436a2 h1:9vNfxB4w/T9DWyQ2x4AUvV3tfGsJyx9lwlhoHPRvj0s=
github.com/cmd-stream/base-go v0.0.0-20250326005258-f9dd4c8436a2/go.mod h1:TGNARVuDSdpKjcnmwMEHuXFKBXw+82CO3MdWbnuWrIs=
github.com/cmd-stream/cmd-stream-go v0.4.0 h1:6xbCMDJ9KO7QE8QElaWFZxphZRetA5QPT9AATnw1K7E=
github.com/cmd-stream/cmd-stream-go v0.4.0/go.mod h1:LVFEsVOj2D1tIR5wFGtTxfKWVb6J65dGrJbO3PtTXNw=
github.com/cmd-stream/codec-mus-stream-go v0.0.0-20250423222255-2f2fee0f3ec7 h1:rVT2GKQT1WJdzJO9CjGtkPU5nTV+ms1ixjqWF7CSulA=
github.com/cmd-stream/codec-mus-stream-go v0.0.0-20250423222255-2f2fee0f3ec7/go.mod h1:aLgf/B7VnLjoAiuBmKZndPTIe/mPd+xErTeBh+00aAk=
github.com/cmd-stream/delegate-go v0.0.0-20250325183553-c685410e559a h1:SP6Z+b8+DHu3Rn5d2c+L0VyeVQUnK0uQNm8nOWDySC8=
github.com/cmd-stream/delegate-go v0.0.0-20250325183553-c685410e559a/go.mod h1:Ri8C0TMksp29hUdu1KIvFpAXC8krL3SUNmefqa4T1CE=
github.com/cmd-stream/handler-go v0.0.0-20250325183740-af6a37b3af7e h1:YU4lY5R8lGsm5bub5OX5KH2KqkyMXVCesYA0I9s/NzE=
github.com/cmd-stream/handler-go v0.0.0-20250325183740-af6a37b3af7e/go.mod h1:enUIpuPFNdc6mzjeU5CsHMp9CoakcTifTa4Ub84vioY=
github.com/cmd-stream/transport-go v0.0.0-20250325202901-2762720a7c55 h1:7ZHtr+9hiwp5CUM0cdfiaaHVMInYrHaybF0QeAJP0Xw=
github.com/cmd-stream/transport-go v0.0.0-20250325202901-2762720a7c55/go.mod h1:mokarEcxUn8hyVijozADaGvJCJOJOUu5KBIjWwRPpMI=
github.com/google/go-cmp v0.7.0 h1:wk8382ETsv4JYUZwIsn6YpYiWiBsYLSJiTsyBybVuN8=
github.com/google/go-cmp v0.7.0/go.mod h1:pXiqmnSA92OHEEa9HXL2W4E7lf9JzCmGVUdgjX3N/iU=
github.com/mus-format/common-go v0.0.0-20250307125743-867bbd6eb59c h1:axAH0WwqkZNIWZIyswO59y63JaymSi9kqy3yybhQTdI=
github.com/mus-format/common-go v0.0.0-20250307125743-867bbd6eb59c/go.mod h1:1hTb8w0YdSGIOU6wNY+e9uXnDZ9OQnUivNtd8cPSdoU=
github.com/mus-format/dts-go v0.9.0 h1:r+3OD8xMCVE42rtJxxPoPmhxDU4vAlQSp9In+7udt0U=
github.com/mus-format/dts-go v0.9.0/go.mod h1:tBV5wdWpi+WUHChtNp3y6nH/dyM/1P1l74hDx+llAoA=
github.com/mus-format/dts-stream-go v0.9.0 h1:kod0zEu5d7Q+DnGwAQ4zrLMC6Sa8KHEKG1sp6fTK0Ok=
github.com/mus-format/dts-stream-go v0.9.0/go.mod h1:W2K3Lhxic9K9AcKtsCheaA7LVZcKqJmAORyKA/zrtIY=
github.com/mus-format/ext-mus-go v0.0.0-20250409231309-5545cbb51bbb h1:g04mfiDJHVkwBYb4oT0AeicLT07OvFHFAPm0q4Fw+oA=
github.com/mus-format/ext-mus-go v0.0.0-20250409231309-5545cbb51bbb/go.mod h1:m02oWQUOMOu2Veuqscnq5h0buigG6HuDTRPaQgZUzpo=
github.com/mus-format/ext-mus-stream-go v0.0.0-20250409231738-600e5fc5beed h1:lRfnIV+pwrwG01EzK9/kkFegbJ49juUyhJrSDyyfGgg=
github.com/mus-format/ext-mus-stream-go v0.0.0-20250409231738-600e5fc5beed/go.mod h1:fX3jUC8HwqVg/DjqjIC0pk9jd2R27FOXoCehyhyymEg=
github.com/mus-format/ext-protobuf-stream-go v0.0.0-20250423190029-59211887ef2c h1:KbEMQWIJBNpPCwccGWlIz7TELnWrZG0q3I1xFKBSkEc=
github.com/mus-format/ext-protobuf-stream-go v0.0.0-20250423190029-59211887ef2c/go.mod h1:M9unfT3Gp6ytdH32JZ1nekgVg/9WcTBTSkUr1fkZj6k=
github.com/mus-format/mus-go v0.7.0 h1:w2b9Awc4xVCQGhJFGCAb3UV75X+Byyfam9w8sAZirJM=
github.com/mus-format/mus-go v0.7.0/go.mod h1:SY5kTmvykop/jax/VtGf6vyjaunHkg5cAeiFgC1XJmY=
github.com/mus-format/mus-stream-go v0.7.0 h1:FejG1zOcm7N1kssC7aanlcviUM+S3W4M7enqPdmJlg0=
github.com/mus-format/mus-stream-go v0.7.0/go.mod h1:QKUch4gu6y8vsj4JyMykYqhlOMMLhP8mlL7VrYv1y7s=
github.com/mus-format/musgen-go v0.0.0-20250423221210-0beb46e504d1 h1:JrvBzmG47m8Nnf5K7HKgfbuvPZD3LQS2Mofc0m4uY+g=
github.com/mus-format/musgen-go v0.0.0-20250423221210-0beb46e504d1/go.mod h1:7bwdQV92r9V7yWiWqPZYJT+hENS1IIKGQ44ppi+iXJE=
github.com/ymz-ncnk/assert v0.0.0-20250419220605-29aaec96e9bd h1:ikKwi1OozeuGNFZ/D4cTiq6BM/5EHIs4+3II5vZO7UA=
github.com/ymz-ncnk/assert v0.0.0-20250419220605-29aaec96e9bd/go.mod h1:+lSOTrCyOPuvc0xuvK4uKhgQ0Ar3U/HJPpJZg73kvgE=
github.com/ymz-ncnk/jointwork-go v0.0.0-20240428103805-1ee224bde88a h1:we5FNsUNYd+fdpb1wG72OsQW9PSxwZmZvdEX2MPKWr4=
github.com/ymz-ncnk/jointwork-go v0.0.0-20240428103805-1ee224bde88a/go.mod h1:hSb6kzszMFlMBOgqfEMl5nF0PduNisdKI3Q0rrD19A4=
github.com/ymz-ncnk/mok v0.2.0 h1:4xOvkG0EXDlr05ZTSeRzM2q5mbyNbALRqRoI+cTwUyc=
github.com/ymz-ncnk/mok v0.2.0/go.mod h1:VDVVGULp0vdJeD27SgJghOFGyD7w3nX7SDh8TOlvIsY=
github.com/ymz-ncnk/multierr-go v0.0.0-20230813140901-5e9302c2e02a h1:mh9cOvtFJMQGPbWHZ7/fw8ODSPgBmDVPpqzjFfke60Y=
github.com/ymz-ncnk/multierr-go v0.0.0-20230813140901-5e9302c2e02a/go.mod h1:Y6DG+DHn9auZ/pemU4IxVvs+54GGhTpcBgaOHIGRiAk=
golang.org/x/exp v0.0.0-20250408133849-7e4ce0ab07d0 h1:R84qjqJb5nVJMxqWYb3np9L5ZsaDtB+a39EqjV0JSUM=
golang.org/x/exp v0.0.0-20250408133849-7e4ce0ab07d0/go.mod h1:S9Xr4PYopiDyqSyp5NjCrhFrqg6A5zA2E/iPHPhqnS8=
golang.org/x/mod v0.24.0 h1:ZfthKaKaT4NrhGVZHO1/WDTwGES4De8KtWO0SIbNJMU=
golang.org/x/mod v0.24.0/go.mod h1:IXM97Txy2VM4PJ3gI61r1YEk/gAj6zAHN3AdZt6S9Ww=
golang.org/x/sync v0.13.0 h1:AauUjRAJ9OSnvULf/ARrrVywoJDy0YS2AwQ98I37610=
golang.org/x/sync v0.13.0/go.mod h1:1dzgHSNfp02xaA81J2MS99Qcpr2w7fw1gpm99rleRqA=
golang.org/x/tools v0.32.0 h1:Q7N1vhpkQv7ybVzLFtTjvQya2ewbwNDZzUgfXGqtMWU=
golang.org/x/tools v0.32.0/go.mod h1:ZxrU41P/wAbZD8EDa6dDCa6XfpkhJ7HFMjHJXfBDu8s=
google.golang.org/protobuf v1.36.6 h1:z1NpPI8ku2WgiWnf+t9wTPsn6eP1L7ksHUlkfLvd9xY=
google.golang.org/protobuf v1.36.6/go.mod h1:jduwjTPXsFjZGTmRluh+L6NjiWu7pchiJ2/5YcXBHnY=
