github.com/cmd-stream/base-go v0.0.0-20250325143652-da24f04b9776 h1:2G7jswFqm7RViC+gfYFBMAnFYu+Tsi70bEzebeV6c/c=
github.com/cmd-stream/base-go v0.0.0-20250325143652-da24f04b9776/go.mod h1:TGNARVuDSdpKjcnmwMEHuXFKBXw+82CO3MdWbnuWrIs=
github.com/cmd-stream/base-go v0.0.0-20250326005258-f9dd4c8436a2 h1:9vNfxB4w/T9DWyQ2x4AUvV3tfGsJyx9lwlhoHPRvj0s=
github.com/cmd-stream/base-go v0.0.0-20250326005258-f9dd4c8436a2/go.mod h1:TGNARVuDSdpKjcnmwMEHuXFKBXw+82CO3MdWbnuWrIs=
github.com/cmd-stream/cmd-stream-go v0.4.0 h1:6xbCMDJ9KO7QE8QElaWFZxphZRetA5QPT9AATnw1K7E=
github.com/cmd-stream/cmd-stream-go v0.4.0/go.mod h1:LVFEsVOj2D1tIR5wFGtTxfKWVb6J65dGrJbO3PtTXNw=
github.com/cmd-stream/delegate-go v0.0.0-20250325183553-c685410e559a h1:SP6Z+b8+DHu3Rn5d2c+L0VyeVQUnK0uQNm8nOWDySC8=
github.com/cmd-stream/delegate-go v0.0.0-20250325183553-c685410e559a/go.mod h1:Ri8C0TMksp29hUdu1KIvFpAXC8krL3SUNmefqa4T1CE=
github.com/cmd-stream/dtm-codec-go v0.0.0-20250422192046-32c5bc065aeb h1:vO4pkggg1RFWvmBtJwijwo9ZndXbAazfH4WaNjclovA=
github.com/cmd-stream/dtm-codec-go v0.0.0-20250422192046-32c5bc065aeb/go.mod h1:lJS1TsWA5Tnk5er+yQlobEheRPO4p+aG77XuPxXyfBQ=
github.com/cmd-stream/handler-go v0.0.0-20250325183740-af6a37b3af7e h1:YU4lY5R8lGsm5bub5OX5KH2KqkyMXVCesYA0I9s/NzE=
github.com/cmd-stream/handler-go v0.0.0-20250325183740-af6a37b3af7e/go.mod h1:enUIpuPFNdc6mzjeU5CsHMp9CoakcTifTa4Ub84vioY=
github.com/cmd-stream/transport-go v0.0.0-20250325202901-2762720a7c55 h1:7ZHtr+9hiwp5CUM0cdfiaaHVMInYrHaybF0QeAJP0Xw=
github.com/cmd-stream/transport-go v0.0.0-20250325202901-2762720a7c55/go.mod h1:mokarEcxUn8hyVijozADaGvJCJOJOUu5KBIjWwRPpMI=
github.com/google/go-cmp v0.6.0 h1:ofyhxvXcZhMsU5ulbFiLKl/XBFqE1GSq7atu8tAmTRI=
github.com/google/go-cmp v0.6.0/go.mod h1:17dUlkBOakJ0+DkrSSNjCkIjxS6bF9zb3elmeNGIjoY=
github.com/mus-format/common-go v0.0.0-20250307125743-867bbd6eb59c h1:axAH0WwqkZNIWZIyswO59y63JaymSi9kqy3yybhQTdI=
github.com/mus-format/common-go v0.0.0-20250307125743-867bbd6eb59c/go.mod h1:1hTb8w0YdSGIOU6wNY+e9uXnDZ9OQnUivNtd8cPSdoU=
github.com/mus-format/dts-stream-go v0.9.0 h1:kod0zEu5d7Q+DnGwAQ4zrLMC6Sa8KHEKG1sp6fTK0Ok=
github.com/mus-format/dts-stream-go v0.9.0/go.mod h1:W2K3Lhxic9K9AcKtsCheaA7LVZcKqJmAORyKA/zrtIY=
github.com/mus-format/mus-dts-go v0.7.2 h1:BGjeXlerL7QDhHxQ8HvUYdt0IVjE1lA9C9laQeZGZUw=
github.com/mus-format/mus-dts-go v0.7.2/go.mod h1:FJpIgRlgq160l/dz899cirgM6Uk99baNKz/K7r1WA3w=
github.com/mus-format/mus-go v0.6.2 h1:stS2qPQMC2oBwZYGiZD6RdD5jZW2w8rnbauWY4g0ZtQ=
github.com/mus-format/mus-go v0.6.2/go.mod h1:SY5kTmvykop/jax/VtGf6vyjaunHkg5cAeiFgC1XJmY=
github.com/mus-format/mus-stream-go v0.7.0 h1:FejG1zOcm7N1kssC7aanlcviUM+S3W4M7enqPdmJlg0=
github.com/mus-format/mus-stream-go v0.7.0/go.mod h1:QKUch4gu6y8vsj4JyMykYqhlOMMLhP8mlL7VrYv1y7s=
github.com/mus-format/musgen-go v0.0.0-20250321162317-4524653f676e h1:XBVRmY4nfzCpgRWhaVxRH6E6x3U8uGqwxJWadq4sBEw=
github.com/mus-format/musgen-go v0.0.0-20250321162317-4524653f676e/go.mod h1:cf2UPVzxJwklopnyTgURlj2PhbaBzoIeyLFtdB8LkGc=
github.com/mus-format/musgen-go v0.0.0-20250422152755-f4bd59309ed1 h1:6ErzLsgHi3QpI4G6zLVDtRZ29BEehz4MKc1Us7stY/s=
github.com/mus-format/musgen-go v0.0.0-20250422152755-f4bd59309ed1/go.mod h1:7bwdQV92r9V7yWiWqPZYJT+hENS1IIKGQ44ppi+iXJE=
github.com/ymz-ncnk/assert v0.0.0-20250123135256-e8b646342be2 h1:NLwsA4VKglgqVsCr837PvmD0DurLgyUdWSN1AsJEDG4=
github.com/ymz-ncnk/assert v0.0.0-20250123135256-e8b646342be2/go.mod h1:+lSOTrCyOPuvc0xuvK4uKhgQ0Ar3U/HJPpJZg73kvgE=
github.com/ymz-ncnk/assert v0.0.0-20250419220605-29aaec96e9bd h1:ikKwi1OozeuGNFZ/D4cTiq6BM/5EHIs4+3II5vZO7UA=
github.com/ymz-ncnk/assert v0.0.0-20250419220605-29aaec96e9bd/go.mod h1:+lSOTrCyOPuvc0xuvK4uKhgQ0Ar3U/HJPpJZg73kvgE=
github.com/ymz-ncnk/jointwork-go v0.0.0-20240428103805-1ee224bde88a h1:we5FNsUNYd+fdpb1wG72OsQW9PSxwZmZvdEX2MPKWr4=
github.com/ymz-ncnk/jointwork-go v0.0.0-20240428103805-1ee224bde88a/go.mod h1:hSb6kzszMFlMBOgqfEMl5nF0PduNisdKI3Q0rrD19A4=
github.com/ymz-ncnk/mok v0.2.0 h1:4xOvkG0EXDlr05ZTSeRzM2q5mbyNbALRqRoI+cTwUyc=
github.com/ymz-ncnk/mok v0.2.0/go.mod h1:VDVVGULp0vdJeD27SgJghOFGyD7w3nX7SDh8TOlvIsY=
github.com/ymz-ncnk/multierr-go v0.0.0-20230813140901-5e9302c2e02a h1:mh9cOvtFJMQGPbWHZ7/fw8ODSPgBmDVPpqzjFfke60Y=
github.com/ymz-ncnk/multierr-go v0.0.0-20230813140901-5e9302c2e02a/go.mod h1:Y6DG+DHn9auZ/pemU4IxVvs+54GGhTpcBgaOHIGRiAk=
golang.org/x/exp v0.0.0-20250305212735-054e65f0b394 h1:nDVHiLt8aIbd/VzvPWN6kSOPE7+F/fNFDSXLVYkE/Iw=
golang.org/x/exp v0.0.0-20250305212735-054e65f0b394/go.mod h1:sIifuuw/Yco/y6yb6+bDNfyeQ/MdPUy/hKEMYQV17cM=
golang.org/x/exp v0.0.0-20250408133849-7e4ce0ab07d0 h1:R84qjqJb5nVJMxqWYb3np9L5ZsaDtB+a39EqjV0JSUM=
golang.org/x/exp v0.0.0-20250408133849-7e4ce0ab07d0/go.mod h1:S9Xr4PYopiDyqSyp5NjCrhFrqg6A5zA2E/iPHPhqnS8=
golang.org/x/mod v0.24.0 h1:ZfthKaKaT4NrhGVZHO1/WDTwGES4De8KtWO0SIbNJMU=
golang.org/x/mod v0.24.0/go.mod h1:IXM97Txy2VM4PJ3gI61r1YEk/gAj6zAHN3AdZt6S9Ww=
golang.org/x/sync v0.12.0 h1:MHc5BpPuC30uJk597Ri8TV3CNZcTLu6B6z4lJy+g6Jw=
golang.org/x/sync v0.12.0/go.mod h1:1dzgHSNfp02xaA81J2MS99Qcpr2w7fw1gpm99rleRqA=
golang.org/x/sync v0.13.0 h1:AauUjRAJ9OSnvULf/ARrrVywoJDy0YS2AwQ98I37610=
golang.org/x/sync v0.13.0/go.mod h1:1dzgHSNfp02xaA81J2MS99Qcpr2w7fw1gpm99rleRqA=
golang.org/x/tools v0.31.0 h1:0EedkvKDbh+qistFTd0Bcwe/YLh4vHwWEkiI0toFIBU=
golang.org/x/tools v0.31.0/go.mod h1:naFTU+Cev749tSJRXJlna0T3WxKvb1kWEx15xA4SdmQ=
golang.org/x/tools v0.32.0 h1:Q7N1vhpkQv7ybVzLFtTjvQya2ewbwNDZzUgfXGqtMWU=
golang.org/x/tools v0.32.0/go.mod h1:ZxrU41P/wAbZD8EDa6dDCa6XfpkhJ7HFMjHJXfBDu8s=
google.golang.org/protobuf v1.36.6 h1:z1NpPI8ku2WgiWnf+t9wTPsn6eP1L7ksHUlkfLvd9xY=
google.golang.org/protobuf v1.36.6/go.mod h1:jduwjTPXsFjZGTmRluh+L6NjiWu7pchiJ2/5YcXBHnY=
