github.com/cmd-stream/base-go v0.0.0-20250126204318-04ae7366853d h1:UpLOD+DM9BWDIu/wJKEME0nh/szjh4eL3HqknfCd28A=
github.com/cmd-stream/base-go v0.0.0-20250126204318-04ae7366853d/go.mod h1:TGNARVuDSdpKjcnmwMEHuXFKBXw+82CO3MdWbnuWrIs=
github.com/cmd-stream/cmd-stream-go v0.3.0 h1:b6cmaHKmbQIPT4GHCm3M67d4PlM8l+idJaOIPrhV5dw=
github.com/cmd-stream/cmd-stream-go v0.3.0/go.mod h1:w1VGW76otf1ALTlPZtizZf1qvMMcZPitDeYzVPpO5xk=
github.com/cmd-stream/delegate-go v0.0.0-20250130202943-5a16b3074403 h1:tJED/IgLLojeHKfRzsON3B/6FDrwMif5+RwPPbMWYgE=
github.com/cmd-stream/delegate-go v0.0.0-20250130202943-5a16b3074403/go.mod h1:R47rbHtW1y6BY0GhOIaYWf8C+QF/6Hrqw876BXA4AAw=
github.com/cmd-stream/dtm-codec-go v0.0.0-20250131180540-c943074c97f8 h1:X6qrJxxMu5UnPm2I+34yp9zS9+lTdR/4znCmakqUe1k=
github.com/cmd-stream/dtm-codec-go v0.0.0-20250131180540-c943074c97f8/go.mod h1:sAmwfzuOXaiFHnej5FTEG5rLdkgX6cX6PvxgWZVodlY=
github.com/cmd-stream/handler-go v0.0.0-20250130203936-7221d588ada7 h1:aW3Gw+5HmO+tQr+bF8DRogCm7SHh75ZzasdWkfode70=
github.com/cmd-stream/handler-go v0.0.0-20250130203936-7221d588ada7/go.mod h1:9hLBqMUvbGQ1GRqfZDdSMvCqsO9uD3WViTl3vRuhejA=
github.com/cmd-stream/transport-go v0.0.0-20250131173127-241ac499953e h1:+liRzAAXmv+gLaZIb1D7B53rmYvumaMmv336NSmQomY=
github.com/cmd-stream/transport-go v0.0.0-20250131173127-241ac499953e/go.mod h1:aIVjzkwizdxwKkxq0Xt8YqU+chjCcvRQC95XBRRqGB0=
github.com/google/go-cmp v0.6.0 h1:ofyhxvXcZhMsU5ulbFiLKl/XBFqE1GSq7atu8tAmTRI=
github.com/google/go-cmp v0.6.0/go.mod h1:17dUlkBOakJ0+DkrSSNjCkIjxS6bF9zb3elmeNGIjoY=
github.com/mus-format/common-go v0.0.0-20240704141923-ea7d12c7eed3 h1:lq6NjZLxX27LghMjyTAZvt3c7Hi82VbhSuyTw3iYIDU=
github.com/mus-format/common-go v0.0.0-20240704141923-ea7d12c7eed3/go.mod h1:1hTb8w0YdSGIOU6wNY+e9uXnDZ9OQnUivNtd8cPSdoU=
github.com/mus-format/mus-dts-go v0.5.2 h1:QvIWLxzLnL546bze0jRHHClfIxGnUXgbEtAxJ4JKguQ=
github.com/mus-format/mus-dts-go v0.5.2/go.mod h1:sExgaYgKbWudyRxC+lXGFH9VfcalYOYucZbvDsFk9SE=
github.com/mus-format/mus-go v0.4.3 h1:tOntRoXs54TxGEs1H0atrA/FGkpR01loQm3nTfwsPmo=
github.com/mus-format/mus-go v0.4.3/go.mod h1:hs04lVPvkj2d0RC1k75yARNd3ZlVPpljAW64LwkgMJk=
github.com/mus-format/mus-stream-dts-go v0.5.2 h1:QAwJJam7f1rDW3mVYnQSSgl63xTktwKi3hMjqa7wouQ=
github.com/mus-format/mus-stream-dts-go v0.5.2/go.mod h1:cAL6DkzfdyGUtRgZKyBBNNL+rzx9vJSKw2ER6+6vxFY=
github.com/mus-format/mus-stream-go v0.4.3 h1:fn9bcIGyGJITpT+nWxNyBLHn9hgj8EK0OLXuYRP5I7A=
github.com/mus-format/mus-stream-go v0.4.3/go.mod h1:PioCqrxiUifQEKHvL2MJzLPkYs5LMITIMrCbL1COMdw=
github.com/mus-format/musgen-go v0.0.0-20250124162354-7137f91a42dc h1:LuxmfW7mt3W2sLAaI8sMgV18YM/AhJOUF6I1Kdi5J1A=
github.com/mus-format/musgen-go v0.0.0-20250124162354-7137f91a42dc/go.mod h1:hhjoaY6qa4Yg3Ma+ZKe4PrN1QmZmaj6TuFf62uQXbhQ=
github.com/ymz-ncnk/assert v0.0.0-20250123135256-e8b646342be2 h1:NLwsA4VKglgqVsCr837PvmD0DurLgyUdWSN1AsJEDG4=
github.com/ymz-ncnk/assert v0.0.0-20250123135256-e8b646342be2/go.mod h1:+lSOTrCyOPuvc0xuvK4uKhgQ0Ar3U/HJPpJZg73kvgE=
github.com/ymz-ncnk/jointwork-go v0.0.0-20240428103805-1ee224bde88a h1:we5FNsUNYd+fdpb1wG72OsQW9PSxwZmZvdEX2MPKWr4=
github.com/ymz-ncnk/jointwork-go v0.0.0-20240428103805-1ee224bde88a/go.mod h1:hSb6kzszMFlMBOgqfEMl5nF0PduNisdKI3Q0rrD19A4=
github.com/ymz-ncnk/mok v0.2.0 h1:4xOvkG0EXDlr05ZTSeRzM2q5mbyNbALRqRoI+cTwUyc=
github.com/ymz-ncnk/mok v0.2.0/go.mod h1:VDVVGULp0vdJeD27SgJghOFGyD7w3nX7SDh8TOlvIsY=
github.com/ymz-ncnk/multierr-go v0.0.0-20230813140901-5e9302c2e02a h1:mh9cOvtFJMQGPbWHZ7/fw8ODSPgBmDVPpqzjFfke60Y=
github.com/ymz-ncnk/multierr-go v0.0.0-20230813140901-5e9302c2e02a/go.mod h1:Y6DG+DHn9auZ/pemU4IxVvs+54GGhTpcBgaOHIGRiAk=
golang.org/x/exp v0.0.0-20240613232115-7f521ea00fb8 h1:yixxcjnhBmY0nkL253HFVIm0JsFHwrHdT3Yh6szTnfY=
golang.org/x/exp v0.0.0-20240613232115-7f521ea00fb8/go.mod h1:jj3sYF3dwk5D+ghuXyeI3r5MFf+NT2An6/9dOA95KSI=
golang.org/x/mod v0.21.0 h1:vvrHzRwRfVKSiLrG+d4FMl/Qi4ukBCE6kZlTUkDYRT0=
golang.org/x/mod v0.21.0/go.mod h1:6SkKJ3Xj0I0BrPOZoBy3bdMptDDU9oJrpohJ3eWZ1fY=
golang.org/x/sync v0.8.0 h1:3NFvSEYkUoMifnESzZl15y791HH1qU2xm6eCJU5ZPXQ=
golang.org/x/sync v0.8.0/go.mod h1:Czt+wKu1gCyEFDUtn0jG5QVvpJ6rzVqr5aXyt9drQfk=
golang.org/x/tools v0.25.0 h1:oFU9pkj/iJgs+0DT+VMHrx+oBKs/LJMV+Uvg78sl+fE=
golang.org/x/tools v0.25.0/go.mod h1:/vtpO8WL1N9cQC3FN5zPqb//fRXskFHbLKk4OW1Q7rg=
google.golang.org/protobuf v1.36.3 h1:82DV7MYdb8anAVi3qge1wSnMDrnKK7ebr+I0hHRN1BU=
google.golang.org/protobuf v1.36.3/go.mod h1:9fA7Ob0pmnwhb644+1+CVWFRbNajQ6iRojtC/QF5bRE=
